// !$*UTF8*$!
{
	archiveVersion = 1;
	classes = {
	};
	objectVersion = 46;
	objects = {

/* Begin PBXBuildFile section */
		77004B91176239F300745E2B /* UIKit.framework in Frameworks */ = {isa = PBXBuildFile; fileRef = 77004B90176239F300745E2B /* UIKit.framework */; };
		77004B93176239F300745E2B /* Foundation.framework in Frameworks */ = {isa = PBXBuildFile; fileRef = 77004B92176239F300745E2B /* Foundation.framework */; };
		77004B95176239F300745E2B /* CoreGraphics.framework in Frameworks */ = {isa = PBXBuildFile; fileRef = 77004B94176239F300745E2B /* CoreGraphics.framework */; };
		77004B9B176239F300745E2B /* InfoPlist.strings in Resources */ = {isa = PBXBuildFile; fileRef = 77004B99176239F300745E2B /* InfoPlist.strings */; };
		77004B9D176239F300745E2B /* main.m in Sources */ = {isa = PBXBuildFile; fileRef = 77004B9C176239F300745E2B /* main.m */; };
		77004BA1176239F300745E2B /* PACAppDelegate.m in Sources */ = {isa = PBXBuildFile; fileRef = 77004BA0176239F300745E2B /* PACAppDelegate.m */; };
		77004BA3176239F300745E2B /* Default.png in Resources */ = {isa = PBXBuildFile; fileRef = 77004BA2176239F300745E2B /* Default.png */; };
		77004BA5176239F300745E2B /* Default@2x.png in Resources */ = {isa = PBXBuildFile; fileRef = 77004BA4176239F300745E2B /* Default@2x.png */; };
		77004BA7176239F300745E2B /* Default-568h@2x.png in Resources */ = {isa = PBXBuildFile; fileRef = 77004BA6176239F300745E2B /* Default-568h@2x.png */; };
		77004BAA176239F300745E2B /* MainStoryboard_iPhone.storyboard in Resources */ = {isa = PBXBuildFile; fileRef = 77004BA8176239F300745E2B /* MainStoryboard_iPhone.storyboard */; };
		77004BBC17628AD700745E2B /* LoginViewController.m in Sources */ = {isa = PBXBuildFile; fileRef = 77004BBB17628AD700745E2B /* LoginViewController.m */; };
		770E6A2D17927E2600D56950 /* CardScrollBG.png in Resources */ = {isa = PBXBuildFile; fileRef = 770E6A2C17927E2600D56950 /* CardScrollBG.png */; };
		770ECF041763B601006E743D /* QuartzCore.framework in Frameworks */ = {isa = PBXBuildFile; fileRef = 770ECF031763B601006E743D /* QuartzCore.framework */; };
		7730CC9417AD4D6400C35DD5 /* Logout.m in Sources */ = {isa = PBXBuildFile; fileRef = 7730CC9317AD4D6400C35DD5 /* Logout.m */; };
		7736E2E617B0A35500CA1E3C /* LeftArrow.png in Resources */ = {isa = PBXBuildFile; fileRef = 7736E2E517B0A35500CA1E3C /* LeftArrow.png */; };
		7736E2E817B0A37C00CA1E3C /* RightArrow.png in Resources */ = {isa = PBXBuildFile; fileRef = 7736E2E717B0A37C00CA1E3C /* RightArrow.png */; };
		77397979176BD7D800FAD6B7 /* TransactionsTbl_CustomCell.m in Sources */ = {isa = PBXBuildFile; fileRef = 77397978176BD7D800FAD6B7 /* TransactionsTbl_CustomCell.m */; };
		7751379717B2BF91007F2679 /* iCarousel.m in Sources */ = {isa = PBXBuildFile; fileRef = 7751379617B2BF91007F2679 /* iCarousel.m */; };
		7751379917B2C617007F2679 /* MyCardAccountSubView.xib in Resources */ = {isa = PBXBuildFile; fileRef = 7751379817B2C617007F2679 /* MyCardAccountSubView.xib */; };
		776FC81217C1ABD0007AD728 /* RedPlus.png in Resources */ = {isa = PBXBuildFile; fileRef = 776FC81117C1ABD0007AD728 /* RedPlus.png */; };
		776FDC061792FA2A0068E528 /* SingletonGeneric.m in Sources */ = {isa = PBXBuildFile; fileRef = 776FDC051792FA2A0068E528 /* SingletonGeneric.m */; };
		776FDC091793018B0068E528 /* Transactions.m in Sources */ = {isa = PBXBuildFile; fileRef = 776FDC081793018B0068E528 /* Transactions.m */; };
		776FDC0C179329750068E528 /* MyCardAccount.m in Sources */ = {isa = PBXBuildFile; fileRef = 776FDC0B179329740068E528 /* MyCardAccount.m */; };
		776FDC0F17932A0B0068E528 /* UpdateProfile.m in Sources */ = {isa = PBXBuildFile; fileRef = 776FDC0E17932A0B0068E528 /* UpdateProfile.m */; };
		776FDC1217932A1F0068E528 /* PinManagement.m in Sources */ = {isa = PBXBuildFile; fileRef = 776FDC1117932A1F0068E528 /* PinManagement.m */; };
		776FDC16179331670068E528 /* Contact us.png in Resources */ = {isa = PBXBuildFile; fileRef = 776FDC13179331670068E528 /* Contact us.png */; };
		776FDC17179331670068E528 /* Faq.png in Resources */ = {isa = PBXBuildFile; fileRef = 776FDC14179331670068E528 /* Faq.png */; };
		776FDC18179331670068E528 /* Terms.png in Resources */ = {isa = PBXBuildFile; fileRef = 776FDC15179331670068E528 /* Terms.png */; };
		776FDC1D17933FB30068E528 /* ContactUs.m in Sources */ = {isa = PBXBuildFile; fileRef = 776FDC1B17933FB30068E528 /* ContactUs.m */; };
		776FDC1E17933FB30068E528 /* ContactUs.xib in Resources */ = {isa = PBXBuildFile; fileRef = 776FDC1C17933FB30068E528 /* ContactUs.xib */; };
		776FDC22179342140068E528 /* Terms.m in Sources */ = {isa = PBXBuildFile; fileRef = 776FDC20179342140068E528 /* Terms.m */; };
		776FDC23179342140068E528 /* Terms.xib in Resources */ = {isa = PBXBuildFile; fileRef = 776FDC21179342140068E528 /* Terms.xib */; };
		776FDC27179342240068E528 /* Faq.m in Sources */ = {isa = PBXBuildFile; fileRef = 776FDC25179342240068E528 /* Faq.m */; };
		778109E81791DDDB003DF414 /* CardInfo.m in Sources */ = {isa = PBXBuildFile; fileRef = 778109E71791DDDB003DF414 /* CardInfo.m */; };
		778109F11791F7E9003DF414 /* PAC_ScrollCardView.xib in Resources */ = {isa = PBXBuildFile; fileRef = 778109F01791F7E9003DF414 /* PAC_ScrollCardView.xib */; };
		77A2A33E17A54FAC001986D0 /* Home.storyboard in Resources */ = {isa = PBXBuildFile; fileRef = 77A2A33D17A54FAC001986D0 /* Home.storyboard */; };
		77A2A34117A55074001986D0 /* VCHome.m in Sources */ = {isa = PBXBuildFile; fileRef = 77A2A34017A55074001986D0 /* VCHome.m */; };
		77ABC21317A79383009A7146 /* RTNetworkRequest.m in Sources */ = {isa = PBXBuildFile; fileRef = 77ABC21217A79383009A7146 /* RTNetworkRequest.m */; };
		77B946D417B54FC800A7EA88 /* error.png in Resources */ = {isa = PBXBuildFile; fileRef = 77B946D017B54FC800A7EA88 /* error.png */; };
		77B946D517B54FC800A7EA88 /* error@2x.png in Resources */ = {isa = PBXBuildFile; fileRef = 77B946D117B54FC800A7EA88 /* error@2x.png */; };
		77B946D617B54FC800A7EA88 /* success.png in Resources */ = {isa = PBXBuildFile; fileRef = 77B946D217B54FC800A7EA88 /* success.png */; };
		77B946D717B54FC800A7EA88 /* success@2x.png in Resources */ = {isa = PBXBuildFile; fileRef = 77B946D317B54FC800A7EA88 /* success@2x.png */; };
		77B946DA17B54FDB00A7EA88 /* SVProgressHUD.m in Sources */ = {isa = PBXBuildFile; fileRef = 77B946D917B54FDB00A7EA88 /* SVProgressHUD.m */; };
		77BD5B1E179094AC00E6D9BA /* UpdateProfileLogo.png in Resources */ = {isa = PBXBuildFile; fileRef = 77BD5B1D179094AC00E6D9BA /* UpdateProfileLogo.png */; };
		77BD5B20179094E500E6D9BA /* MyCardAccount.png in Resources */ = {isa = PBXBuildFile; fileRef = 77BD5B1F179094E500E6D9BA /* MyCardAccount.png */; };
		77BD5B221790950B00E6D9BA /* TransactionsLogo.png in Resources */ = {isa = PBXBuildFile; fileRef = 77BD5B211790950B00E6D9BA /* TransactionsLogo.png */; };
		77BD5B24179096EE00E6D9BA /* PinManagement.png in Resources */ = {isa = PBXBuildFile; fileRef = 77BD5B23179096EE00E6D9BA /* PinManagement.png */; };
		77E891D217BABD9B00A672A4 /* icon.png in Resources */ = {isa = PBXBuildFile; fileRef = 77E891D117BABD9B00A672A4 /* icon.png */; };
		77F90CC917B00B8400A1E07E /* OBGradientView.m in Sources */ = {isa = PBXBuildFile; fileRef = 77F90CC817B00B8400A1E07E /* OBGradientView.m */; };
		77F90CCD17B00BC800A1E07E /* GradientButton.m in Sources */ = {isa = PBXBuildFile; fileRef = 77F90CCC17B00BC800A1E07E /* GradientButton.m */; };
		77F90CD017B00BE700A1E07E /* UIColor+Hex.m in Sources */ = {isa = PBXBuildFile; fileRef = 77F90CCF17B00BE700A1E07E /* UIColor+Hex.m */; };
		77F90CD317B06B5300A1E07E /* AppHelper.m in Sources */ = {isa = PBXBuildFile; fileRef = 77F90CD217B06B5300A1E07E /* AppHelper.m */; };
		77F90CD617B06CE900A1E07E /* GTMBase64.m in Sources */ = {isa = PBXBuildFile; fileRef = 77F90CD517B06CE900A1E07E /* GTMBase64.m */; };
/* End PBXBuildFile section */

/* Begin PBXFileReference section */
		77004B8D176239F300745E2B /* com.PrepaidAccountCenter.app */ = {isa = PBXFileReference; explicitFileType = wrapper.application; includeInIndex = 0; path = com.PrepaidAccountCenter.app; sourceTree = BUILT_PRODUCTS_DIR; };
		77004B90176239F300745E2B /* UIKit.framework */ = {isa = PBXFileReference; lastKnownFileType = wrapper.framework; name = UIKit.framework; path = System/Library/Frameworks/UIKit.framework; sourceTree = SDKROOT; };
		77004B92176239F300745E2B /* Foundation.framework */ = {isa = PBXFileReference; lastKnownFileType = wrapper.framework; name = Foundation.framework; path = System/Library/Frameworks/Foundation.framework; sourceTree = SDKROOT; };
		77004B94176239F300745E2B /* CoreGraphics.framework */ = {isa = PBXFileReference; lastKnownFileType = wrapper.framework; name = CoreGraphics.framework; path = System/Library/Frameworks/CoreGraphics.framework; sourceTree = SDKROOT; };
		77004B98176239F300745E2B /* com.PrepaidAccountCenter-Info.plist */ = {isa = PBXFileReference; lastKnownFileType = text.plist.xml; path = "com.PrepaidAccountCenter-Info.plist"; sourceTree = "<group>"; };
		77004B9A176239F300745E2B /* en */ = {isa = PBXFileReference; lastKnownFileType = text.plist.strings; name = en; path = en.lproj/InfoPlist.strings; sourceTree = "<group>"; };
		77004B9C176239F300745E2B /* main.m */ = {isa = PBXFileReference; lastKnownFileType = sourcecode.c.objc; path = main.m; sourceTree = "<group>"; };
		77004B9E176239F300745E2B /* com.PrepaidAccountCenter-Prefix.pch */ = {isa = PBXFileReference; lastKnownFileType = sourcecode.c.h; path = "com.PrepaidAccountCenter-Prefix.pch"; sourceTree = "<group>"; };
		77004B9F176239F300745E2B /* PACAppDelegate.h */ = {isa = PBXFileReference; lastKnownFileType = sourcecode.c.h; path = PACAppDelegate.h; sourceTree = "<group>"; };
		77004BA0176239F300745E2B /* PACAppDelegate.m */ = {isa = PBXFileReference; lastKnownFileType = sourcecode.c.objc; path = PACAppDelegate.m; sourceTree = "<group>"; };
		77004BA2176239F300745E2B /* Default.png */ = {isa = PBXFileReference; lastKnownFileType = image.png; path = Default.png; sourceTree = "<group>"; };
		77004BA4176239F300745E2B /* Default@2x.png */ = {isa = PBXFileReference; lastKnownFileType = image.png; path = "Default@2x.png"; sourceTree = "<group>"; };
		77004BA6176239F300745E2B /* Default-568h@2x.png */ = {isa = PBXFileReference; lastKnownFileType = image.png; path = "Default-568h@2x.png"; sourceTree = "<group>"; };
		77004BA9176239F300745E2B /* en */ = {isa = PBXFileReference; lastKnownFileType = file.storyboard; name = en; path = en.lproj/MainStoryboard_iPhone.storyboard; sourceTree = "<group>"; };
		77004BBA17628AD700745E2B /* LoginViewController.h */ = {isa = PBXFileReference; fileEncoding = 4; lastKnownFileType = sourcecode.c.h; path = LoginViewController.h; sourceTree = "<group>"; };
		77004BBB17628AD700745E2B /* LoginViewController.m */ = {isa = PBXFileReference; fileEncoding = 4; lastKnownFileType = sourcecode.c.objc; path = LoginViewController.m; sourceTree = "<group>"; };
		770E6A2C17927E2600D56950 /* CardScrollBG.png */ = {isa = PBXFileReference; lastKnownFileType = image.png; path = CardScrollBG.png; sourceTree = "<group>"; };
		770ECF031763B601006E743D /* QuartzCore.framework */ = {isa = PBXFileReference; lastKnownFileType = wrapper.framework; name = QuartzCore.framework; path = System/Library/Frameworks/QuartzCore.framework; sourceTree = SDKROOT; };
		7730CC9217AD4D6400C35DD5 /* Logout.h */ = {isa = PBXFileReference; fileEncoding = 4; lastKnownFileType = sourcecode.c.h; path = Logout.h; sourceTree = "<group>"; };
		7730CC9317AD4D6400C35DD5 /* Logout.m */ = {isa = PBXFileReference; fileEncoding = 4; lastKnownFileType = sourcecode.c.objc; path = Logout.m; sourceTree = "<group>"; };
		7736E2E517B0A35500CA1E3C /* LeftArrow.png */ = {isa = PBXFileReference; lastKnownFileType = image.png; path = LeftArrow.png; sourceTree = "<group>"; };
		7736E2E717B0A37C00CA1E3C /* RightArrow.png */ = {isa = PBXFileReference; lastKnownFileType = image.png; path = RightArrow.png; sourceTree = "<group>"; };
		77397977176BD7D800FAD6B7 /* TransactionsTbl_CustomCell.h */ = {isa = PBXFileReference; fileEncoding = 4; lastKnownFileType = sourcecode.c.h; path = TransactionsTbl_CustomCell.h; sourceTree = "<group>"; };
		77397978176BD7D800FAD6B7 /* TransactionsTbl_CustomCell.m */ = {isa = PBXFileReference; fileEncoding = 4; lastKnownFileType = sourcecode.c.objc; path = TransactionsTbl_CustomCell.m; sourceTree = "<group>"; };
		7751379517B2BF91007F2679 /* iCarousel.h */ = {isa = PBXFileReference; fileEncoding = 4; lastKnownFileType = sourcecode.c.h; path = iCarousel.h; sourceTree = "<group>"; };
		7751379617B2BF91007F2679 /* iCarousel.m */ = {isa = PBXFileReference; fileEncoding = 4; lastKnownFileType = sourcecode.c.objc; path = iCarousel.m; sourceTree = "<group>"; };
		7751379817B2C617007F2679 /* MyCardAccountSubView.xib */ = {isa = PBXFileReference; fileEncoding = 4; lastKnownFileType = file.xib; path = MyCardAccountSubView.xib; sourceTree = "<group>"; };
		776FC81117C1ABD0007AD728 /* RedPlus.png */ = {isa = PBXFileReference; lastKnownFileType = image.png; path = RedPlus.png; sourceTree = "<group>"; };
		776FDC041792FA2A0068E528 /* SingletonGeneric.h */ = {isa = PBXFileReference; fileEncoding = 4; lastKnownFileType = sourcecode.c.h; path = SingletonGeneric.h; sourceTree = "<group>"; };
		776FDC051792FA2A0068E528 /* SingletonGeneric.m */ = {isa = PBXFileReference; fileEncoding = 4; lastKnownFileType = sourcecode.c.objc; path = SingletonGeneric.m; sourceTree = "<group>"; };
		776FDC071793018B0068E528 /* Transactions.h */ = {isa = PBXFileReference; fileEncoding = 4; lastKnownFileType = sourcecode.c.h; path = Transactions.h; sourceTree = "<group>"; };
		776FDC081793018B0068E528 /* Transactions.m */ = {isa = PBXFileReference; fileEncoding = 4; lastKnownFileType = sourcecode.c.objc; path = Transactions.m; sourceTree = "<group>"; };
		776FDC0A179329740068E528 /* MyCardAccount.h */ = {isa = PBXFileReference; fileEncoding = 4; lastKnownFileType = sourcecode.c.h; path = MyCardAccount.h; sourceTree = "<group>"; };
		776FDC0B179329740068E528 /* MyCardAccount.m */ = {isa = PBXFileReference; fileEncoding = 4; lastKnownFileType = sourcecode.c.objc; path = MyCardAccount.m; sourceTree = "<group>"; };
		776FDC0D17932A0B0068E528 /* UpdateProfile.h */ = {isa = PBXFileReference; fileEncoding = 4; lastKnownFileType = sourcecode.c.h; path = UpdateProfile.h; sourceTree = "<group>"; };
		776FDC0E17932A0B0068E528 /* UpdateProfile.m */ = {isa = PBXFileReference; fileEncoding = 4; lastKnownFileType = sourcecode.c.objc; path = UpdateProfile.m; sourceTree = "<group>"; };
		776FDC1017932A1E0068E528 /* PinManagement.h */ = {isa = PBXFileReference; fileEncoding = 4; lastKnownFileType = sourcecode.c.h; path = PinManagement.h; sourceTree = "<group>"; };
		776FDC1117932A1F0068E528 /* PinManagement.m */ = {isa = PBXFileReference; fileEncoding = 4; lastKnownFileType = sourcecode.c.objc; path = PinManagement.m; sourceTree = "<group>"; };
		776FDC13179331670068E528 /* Contact us.png */ = {isa = PBXFileReference; lastKnownFileType = image.png; path = "Contact us.png"; sourceTree = "<group>"; };
		776FDC14179331670068E528 /* Faq.png */ = {isa = PBXFileReference; lastKnownFileType = image.png; path = Faq.png; sourceTree = "<group>"; };
		776FDC15179331670068E528 /* Terms.png */ = {isa = PBXFileReference; lastKnownFileType = image.png; path = Terms.png; sourceTree = "<group>"; };
		776FDC1A17933FB30068E528 /* ContactUs.h */ = {isa = PBXFileReference; fileEncoding = 4; lastKnownFileType = sourcecode.c.h; path = ContactUs.h; sourceTree = "<group>"; };
		776FDC1B17933FB30068E528 /* ContactUs.m */ = {isa = PBXFileReference; fileEncoding = 4; lastKnownFileType = sourcecode.c.objc; path = ContactUs.m; sourceTree = "<group>"; };
		776FDC1C17933FB30068E528 /* ContactUs.xib */ = {isa = PBXFileReference; fileEncoding = 4; lastKnownFileType = file.xib; path = ContactUs.xib; sourceTree = "<group>"; };
		776FDC1F179342140068E528 /* Terms.h */ = {isa = PBXFileReference; fileEncoding = 4; lastKnownFileType = sourcecode.c.h; path = Terms.h; sourceTree = "<group>"; };
		776FDC20179342140068E528 /* Terms.m */ = {isa = PBXFileReference; fileEncoding = 4; lastKnownFileType = sourcecode.c.objc; path = Terms.m; sourceTree = "<group>"; };
		776FDC21179342140068E528 /* Terms.xib */ = {isa = PBXFileReference; fileEncoding = 4; lastKnownFileType = file.xib; path = Terms.xib; sourceTree = "<group>"; };
		776FDC24179342240068E528 /* Faq.h */ = {isa = PBXFileReference; fileEncoding = 4; lastKnownFileType = sourcecode.c.h; path = Faq.h; sourceTree = "<group>"; };
		776FDC25179342240068E528 /* Faq.m */ = {isa = PBXFileReference; fileEncoding = 4; lastKnownFileType = sourcecode.c.objc; path = Faq.m; sourceTree = "<group>"; };
		778109E61791DDDB003DF414 /* CardInfo.h */ = {isa = PBXFileReference; fileEncoding = 4; lastKnownFileType = sourcecode.c.h; path = CardInfo.h; sourceTree = "<group>"; };
		778109E71791DDDB003DF414 /* CardInfo.m */ = {isa = PBXFileReference; fileEncoding = 4; lastKnownFileType = sourcecode.c.objc; path = CardInfo.m; sourceTree = "<group>"; };
		778109F01791F7E9003DF414 /* PAC_ScrollCardView.xib */ = {isa = PBXFileReference; fileEncoding = 4; lastKnownFileType = file.xib; path = PAC_ScrollCardView.xib; sourceTree = "<group>"; };
		77A2A33D17A54FAC001986D0 /* Home.storyboard */ = {isa = PBXFileReference; fileEncoding = 4; lastKnownFileType = file.storyboard; path = Home.storyboard; sourceTree = "<group>"; };
		77A2A33F17A55074001986D0 /* VCHome.h */ = {isa = PBXFileReference; fileEncoding = 4; lastKnownFileType = sourcecode.c.h; path = VCHome.h; sourceTree = "<group>"; };
		77A2A34017A55074001986D0 /* VCHome.m */ = {isa = PBXFileReference; fileEncoding = 4; lastKnownFileType = sourcecode.c.objc; path = VCHome.m; sourceTree = "<group>"; };
		77ABC21117A79383009A7146 /* RTNetworkRequest.h */ = {isa = PBXFileReference; fileEncoding = 4; lastKnownFileType = sourcecode.c.h; path = RTNetworkRequest.h; sourceTree = "<group>"; };
		77ABC21217A79383009A7146 /* RTNetworkRequest.m */ = {isa = PBXFileReference; fileEncoding = 4; lastKnownFileType = sourcecode.c.objc; path = RTNetworkRequest.m; sourceTree = "<group>"; };
		77B946D017B54FC800A7EA88 /* error.png */ = {isa = PBXFileReference; lastKnownFileType = image.png; path = error.png; sourceTree = "<group>"; };
		77B946D117B54FC800A7EA88 /* error@2x.png */ = {isa = PBXFileReference; lastKnownFileType = image.png; path = "error@2x.png"; sourceTree = "<group>"; };
		77B946D217B54FC800A7EA88 /* success.png */ = {isa = PBXFileReference; lastKnownFileType = image.png; path = success.png; sourceTree = "<group>"; };
		77B946D317B54FC800A7EA88 /* success@2x.png */ = {isa = PBXFileReference; lastKnownFileType = image.png; path = "success@2x.png"; sourceTree = "<group>"; };
		77B946D817B54FDB00A7EA88 /* SVProgressHUD.h */ = {isa = PBXFileReference; fileEncoding = 4; lastKnownFileType = sourcecode.c.h; path = SVProgressHUD.h; sourceTree = "<group>"; };
		77B946D917B54FDB00A7EA88 /* SVProgressHUD.m */ = {isa = PBXFileReference; fileEncoding = 4; lastKnownFileType = sourcecode.c.objc; path = SVProgressHUD.m; sourceTree = "<group>"; };
		77BD5B1D179094AC00E6D9BA /* UpdateProfileLogo.png */ = {isa = PBXFileReference; lastKnownFileType = image.png; path = UpdateProfileLogo.png; sourceTree = "<group>"; };
		77BD5B1F179094E500E6D9BA /* MyCardAccount.png */ = {isa = PBXFileReference; lastKnownFileType = image.png; path = MyCardAccount.png; sourceTree = "<group>"; };
		77BD5B211790950B00E6D9BA /* TransactionsLogo.png */ = {isa = PBXFileReference; lastKnownFileType = image.png; path = TransactionsLogo.png; sourceTree = "<group>"; };
		77BD5B23179096EE00E6D9BA /* PinManagement.png */ = {isa = PBXFileReference; lastKnownFileType = image.png; path = PinManagement.png; sourceTree = "<group>"; };
		77E891D117BABD9B00A672A4 /* icon.png */ = {isa = PBXFileReference; lastKnownFileType = image.png; path = icon.png; sourceTree = "<group>"; };
		77F90CC817B00B8400A1E07E /* OBGradientView.m */ = {isa = PBXFileReference; fileEncoding = 4; lastKnownFileType = sourcecode.c.objc; path = OBGradientView.m; sourceTree = "<group>"; };
		77F90CCA17B00B9500A1E07E /* OBGradientView.h */ = {isa = PBXFileReference; fileEncoding = 4; lastKnownFileType = sourcecode.c.h; path = OBGradientView.h; sourceTree = "<group>"; };
		77F90CCB17B00BB800A1E07E /* GradientButton.h */ = {isa = PBXFileReference; fileEncoding = 4; lastKnownFileType = sourcecode.c.h; path = GradientButton.h; sourceTree = "<group>"; };
		77F90CCC17B00BC800A1E07E /* GradientButton.m */ = {isa = PBXFileReference; fileEncoding = 4; lastKnownFileType = sourcecode.c.objc; path = GradientButton.m; sourceTree = "<group>"; };
		77F90CCE17B00BD900A1E07E /* UIColor+Hex.h */ = {isa = PBXFileReference; fileEncoding = 4; lastKnownFileType = sourcecode.c.h; path = "UIColor+Hex.h"; sourceTree = "<group>"; };
		77F90CCF17B00BE700A1E07E /* UIColor+Hex.m */ = {isa = PBXFileReference; fileEncoding = 4; lastKnownFileType = sourcecode.c.objc; path = "UIColor+Hex.m"; sourceTree = "<group>"; };
		77F90CD117B06B5300A1E07E /* AppHelper.h */ = {isa = PBXFileReference; fileEncoding = 4; lastKnownFileType = sourcecode.c.h; path = AppHelper.h; sourceTree = "<group>"; };
		77F90CD217B06B5300A1E07E /* AppHelper.m */ = {isa = PBXFileReference; fileEncoding = 4; lastKnownFileType = sourcecode.c.objc; path = AppHelper.m; sourceTree = "<group>"; };
		77F90CD417B06CE900A1E07E /* GTMBase64.h */ = {isa = PBXFileReference; fileEncoding = 4; lastKnownFileType = sourcecode.c.h; path = GTMBase64.h; sourceTree = "<group>"; };
		77F90CD517B06CE900A1E07E /* GTMBase64.m */ = {isa = PBXFileReference; fileEncoding = 4; lastKnownFileType = sourcecode.c.objc; path = GTMBase64.m; sourceTree = "<group>"; };
		77F90CD717B06D8B00A1E07E /* GTMDefines.h */ = {isa = PBXFileReference; fileEncoding = 4; lastKnownFileType = sourcecode.c.h; path = GTMDefines.h; sourceTree = "<group>"; };
/* End PBXFileReference section */

/* Begin PBXFrameworksBuildPhase section */
		77004B8A176239F300745E2B /* Frameworks */ = {
			isa = PBXFrameworksBuildPhase;
			buildActionMask = 2147483647;
			files = (
				770ECF041763B601006E743D /* QuartzCore.framework in Frameworks */,
				77004B91176239F300745E2B /* UIKit.framework in Frameworks */,
				77004B93176239F300745E2B /* Foundation.framework in Frameworks */,
				77004B95176239F300745E2B /* CoreGraphics.framework in Frameworks */,
			);
			runOnlyForDeploymentPostprocessing = 0;
		};
/* End PBXFrameworksBuildPhase section */

/* Begin PBXGroup section */
		77004B84176239F300745E2B = {
			isa = PBXGroup;
			children = (
				77E891D117BABD9B00A672A4 /* icon.png */,
				77004B96176239F300745E2B /* com.PrepaidAccountCenter */,
				77004B8F176239F300745E2B /* Frameworks */,
				77004B8E176239F300745E2B /* Products */,
			);
			sourceTree = "<group>";
		};
		77004B8E176239F300745E2B /* Products */ = {
			isa = PBXGroup;
			children = (
				77004B8D176239F300745E2B /* com.PrepaidAccountCenter.app */,
			);
			name = Products;
			sourceTree = "<group>";
		};
		77004B8F176239F300745E2B /* Frameworks */ = {
			isa = PBXGroup;
			children = (
				770ECF031763B601006E743D /* QuartzCore.framework */,
				77004B90176239F300745E2B /* UIKit.framework */,
				77004B92176239F300745E2B /* Foundation.framework */,
				77004B94176239F300745E2B /* CoreGraphics.framework */,
			);
			name = Frameworks;
			sourceTree = "<group>";
		};
		77004B96176239F300745E2B /* com.PrepaidAccountCenter */ = {
			isa = PBXGroup;
			children = (
				77C3354A17650B06009867E4 /* HelperClasses */,
				77C335491764F101009867E4 /* Images */,
				77004BB61762535F00745E2B /* Views */,
				77004B9F176239F300745E2B /* PACAppDelegate.h */,
				77004BA0176239F300745E2B /* PACAppDelegate.m */,
				77004B97176239F300745E2B /* Supporting Files */,
			);
			path = com.PrepaidAccountCenter;
			sourceTree = "<group>";
		};
		77004B97176239F300745E2B /* Supporting Files */ = {
			isa = PBXGroup;
			children = (
				77004B98176239F300745E2B /* com.PrepaidAccountCenter-Info.plist */,
				77004B99176239F300745E2B /* InfoPlist.strings */,
				77004B9C176239F300745E2B /* main.m */,
				77004B9E176239F300745E2B /* com.PrepaidAccountCenter-Prefix.pch */,
				77004BA2176239F300745E2B /* Default.png */,
				77004BA4176239F300745E2B /* Default@2x.png */,
				77004BA6176239F300745E2B /* Default-568h@2x.png */,
			);
			name = "Supporting Files";
			sourceTree = "<group>";
		};
		77004BB61762535F00745E2B /* Views */ = {
			isa = PBXGroup;
			children = (
				77ABC21417A795AA009A7146 /* CustomControls */,
				773552921767D94000ED50A4 /* Authenticated_Views */,
				77004BB71762536F00745E2B /* Login */,
			);
			name = Views;
			sourceTree = "<group>";
		};
		77004BB71762536F00745E2B /* Login */ = {
			isa = PBXGroup;
			children = (
				77004BA8176239F300745E2B /* MainStoryboard_iPhone.storyboard */,
				77004BBA17628AD700745E2B /* LoginViewController.h */,
				77004BBB17628AD700745E2B /* LoginViewController.m */,
			);
			name = Login;
			sourceTree = "<group>";
		};
		773552921767D94000ED50A4 /* Authenticated_Views */ = {
			isa = PBXGroup;
			children = (
				776FDC29179346B40068E528 /* MainViews */,
				776FDC1917933EBC0068E528 /* GenericViews */,
				778109E91791F19A003DF414 /* SubViews */,
				77A2A33D17A54FAC001986D0 /* Home.storyboard */,
			);
			name = Authenticated_Views;
			sourceTree = "<group>";
		};
		775B25E417AF7674002FAABE /* ControlClasses */ = {
			isa = PBXGroup;
			children = (
				77B946D817B54FDB00A7EA88 /* SVProgressHUD.h */,
				77B946D917B54FDB00A7EA88 /* SVProgressHUD.m */,
				7751379517B2BF91007F2679 /* iCarousel.h */,
				7751379617B2BF91007F2679 /* iCarousel.m */,
				77F90CCF17B00BE700A1E07E /* UIColor+Hex.m */,
				77F90CCE17B00BD900A1E07E /* UIColor+Hex.h */,
				77F90CCB17B00BB800A1E07E /* GradientButton.h */,
				77F90CCC17B00BC800A1E07E /* GradientButton.m */,
				77F90CCA17B00B9500A1E07E /* OBGradientView.h */,
				77F90CC817B00B8400A1E07E /* OBGradientView.m */,
				77F90CD417B06CE900A1E07E /* GTMBase64.h */,
				77F90CD517B06CE900A1E07E /* GTMBase64.m */,
				77F90CD717B06D8B00A1E07E /* GTMDefines.h */,
			);
			name = ControlClasses;
			sourceTree = "<group>";
		};
		776FDC1917933EBC0068E528 /* GenericViews */ = {
			isa = PBXGroup;
			children = (
				776FDC1A17933FB30068E528 /* ContactUs.h */,
				776FDC1B17933FB30068E528 /* ContactUs.m */,
				776FDC1C17933FB30068E528 /* ContactUs.xib */,
				776FDC1F179342140068E528 /* Terms.h */,
				776FDC20179342140068E528 /* Terms.m */,
				776FDC21179342140068E528 /* Terms.xib */,
				776FDC24179342240068E528 /* Faq.h */,
				776FDC25179342240068E528 /* Faq.m */,
				7730CC9217AD4D6400C35DD5 /* Logout.h */,
				7730CC9317AD4D6400C35DD5 /* Logout.m */,
			);
			name = GenericViews;
			sourceTree = "<group>";
		};
		776FDC29179346B40068E528 /* MainViews */ = {
			isa = PBXGroup;
			children = (
				776FDC071793018B0068E528 /* Transactions.h */,
				776FDC081793018B0068E528 /* Transactions.m */,
				776FDC0A179329740068E528 /* MyCardAccount.h */,
				776FDC0B179329740068E528 /* MyCardAccount.m */,
				776FDC0D17932A0B0068E528 /* UpdateProfile.h */,
				776FDC0E17932A0B0068E528 /* UpdateProfile.m */,
				776FDC1017932A1E0068E528 /* PinManagement.h */,
				776FDC1117932A1F0068E528 /* PinManagement.m */,
				77A2A33F17A55074001986D0 /* VCHome.h */,
				77A2A34017A55074001986D0 /* VCHome.m */,
			);
			name = MainViews;
			sourceTree = "<group>";
		};
		778109E91791F19A003DF414 /* SubViews */ = {
			isa = PBXGroup;
			children = (
				77397977176BD7D800FAD6B7 /* TransactionsTbl_CustomCell.h */,
				77397978176BD7D800FAD6B7 /* TransactionsTbl_CustomCell.m */,
				778109F01791F7E9003DF414 /* PAC_ScrollCardView.xib */,
				7751379817B2C617007F2679 /* MyCardAccountSubView.xib */,
			);
			name = SubViews;
			sourceTree = "<group>";
		};
		77ABC21417A795AA009A7146 /* CustomControls */ = {
			isa = PBXGroup;
			children = (
			);
			name = CustomControls;
			sourceTree = "<group>";
		};
		77C335491764F101009867E4 /* Images */ = {
			isa = PBXGroup;
			children = (
				776FC81117C1ABD0007AD728 /* RedPlus.png */,
				77B946D017B54FC800A7EA88 /* error.png */,
				77B946D117B54FC800A7EA88 /* error@2x.png */,
				77B946D217B54FC800A7EA88 /* success.png */,
				77B946D317B54FC800A7EA88 /* success@2x.png */,
				7736E2E717B0A37C00CA1E3C /* RightArrow.png */,
				7736E2E517B0A35500CA1E3C /* LeftArrow.png */,
				776FDC13179331670068E528 /* Contact us.png */,
				776FDC14179331670068E528 /* Faq.png */,
				776FDC15179331670068E528 /* Terms.png */,
				770E6A2C17927E2600D56950 /* CardScrollBG.png */,
				77BD5B23179096EE00E6D9BA /* PinManagement.png */,
				77BD5B211790950B00E6D9BA /* TransactionsLogo.png */,
				77BD5B1F179094E500E6D9BA /* MyCardAccount.png */,
				77BD5B1D179094AC00E6D9BA /* UpdateProfileLogo.png */,
			);
			name = Images;
			sourceTree = "<group>";
		};
		77C3354A17650B06009867E4 /* HelperClasses */ = {
			isa = PBXGroup;
			children = (
				775B25E417AF7674002FAABE /* ControlClasses */,
				77ABC21117A79383009A7146 /* RTNetworkRequest.h */,
				77ABC21217A79383009A7146 /* RTNetworkRequest.m */,
				778109E61791DDDB003DF414 /* CardInfo.h */,
				778109E71791DDDB003DF414 /* CardInfo.m */,
				776FDC041792FA2A0068E528 /* SingletonGeneric.h */,
				776FDC051792FA2A0068E528 /* SingletonGeneric.m */,
				77F90CD117B06B5300A1E07E /* AppHelper.h */,
				77F90CD217B06B5300A1E07E /* AppHelper.m */,
			);
			name = HelperClasses;
			sourceTree = "<group>";
		};
/* End PBXGroup section */

/* Begin PBXNativeTarget section */
		77004B8C176239F300745E2B /* com.PrepaidAccountCenter */ = {
			isa = PBXNativeTarget;
			buildConfigurationList = 77004BB3176239F300745E2B /* Build configuration list for PBXNativeTarget "com.PrepaidAccountCenter" */;
			buildPhases = (
				77004B89176239F300745E2B /* Sources */,
				77004B8A176239F300745E2B /* Frameworks */,
				77004B8B176239F300745E2B /* Resources */,
			);
			buildRules = (
			);
			dependencies = (
			);
			name = com.PrepaidAccountCenter;
			productName = com.PrepaidAccountCenter;
			productReference = 77004B8D176239F300745E2B /* com.PrepaidAccountCenter.app */;
			productType = "com.apple.product-type.application";
		};
/* End PBXNativeTarget section */

/* Begin PBXProject section */
		77004B85176239F300745E2B /* Project object */ = {
			isa = PBXProject;
			attributes = {
				CLASSPREFIX = PAC;
				LastUpgradeCheck = 0460;
				ORGANIZATIONNAME = Liventus;
			};
			buildConfigurationList = 77004B88176239F300745E2B /* Build configuration list for PBXProject "com.PrepaidAccountCenter" */;
			compatibilityVersion = "Xcode 3.2";
			developmentRegion = English;
			hasScannedForEncodings = 0;
			knownRegions = (
				en,
			);
			mainGroup = 77004B84176239F300745E2B;
			productRefGroup = 77004B8E176239F300745E2B /* Products */;
			projectDirPath = "";
			projectRoot = "";
			targets = (
				77004B8C176239F300745E2B /* com.PrepaidAccountCenter */,
			);
		};
/* End PBXProject section */

/* Begin PBXResourcesBuildPhase section */
		77004B8B176239F300745E2B /* Resources */ = {
			isa = PBXResourcesBuildPhase;
			buildActionMask = 2147483647;
			files = (
				77004B9B176239F300745E2B /* InfoPlist.strings in Resources */,
				77004BA3176239F300745E2B /* Default.png in Resources */,
				77004BA5176239F300745E2B /* Default@2x.png in Resources */,
				77004BA7176239F300745E2B /* Default-568h@2x.png in Resources */,
				77004BAA176239F300745E2B /* MainStoryboard_iPhone.storyboard in Resources */,
				77BD5B1E179094AC00E6D9BA /* UpdateProfileLogo.png in Resources */,
				77BD5B20179094E500E6D9BA /* MyCardAccount.png in Resources */,
				77BD5B221790950B00E6D9BA /* TransactionsLogo.png in Resources */,
				77BD5B24179096EE00E6D9BA /* PinManagement.png in Resources */,
				778109F11791F7E9003DF414 /* PAC_ScrollCardView.xib in Resources */,
				770E6A2D17927E2600D56950 /* CardScrollBG.png in Resources */,
				776FDC16179331670068E528 /* Contact us.png in Resources */,
				776FDC17179331670068E528 /* Faq.png in Resources */,
				776FDC18179331670068E528 /* Terms.png in Resources */,
				776FDC1E17933FB30068E528 /* ContactUs.xib in Resources */,
				776FDC23179342140068E528 /* Terms.xib in Resources */,
				77A2A33E17A54FAC001986D0 /* Home.storyboard in Resources */,
				7736E2E617B0A35500CA1E3C /* LeftArrow.png in Resources */,
				7736E2E817B0A37C00CA1E3C /* RightArrow.png in Resources */,
				7751379917B2C617007F2679 /* MyCardAccountSubView.xib in Resources */,
				77B946D417B54FC800A7EA88 /* error.png in Resources */,
				77B946D517B54FC800A7EA88 /* error@2x.png in Resources */,
				77B946D617B54FC800A7EA88 /* success.png in Resources */,
				77B946D717B54FC800A7EA88 /* success@2x.png in Resources */,
				77E891D217BABD9B00A672A4 /* icon.png in Resources */,
				776FC81217C1ABD0007AD728 /* RedPlus.png in Resources */,
			);
			runOnlyForDeploymentPostprocessing = 0;
		};
/* End PBXResourcesBuildPhase section */

/* Begin PBXSourcesBuildPhase section */
		77004B89176239F300745E2B /* Sources */ = {
			isa = PBXSourcesBuildPhase;
			buildActionMask = 2147483647;
			files = (
				77004B9D176239F300745E2B /* main.m in Sources */,
				77004BA1176239F300745E2B /* PACAppDelegate.m in Sources */,
				77004BBC17628AD700745E2B /* LoginViewController.m in Sources */,
				77397979176BD7D800FAD6B7 /* TransactionsTbl_CustomCell.m in Sources */,
				778109E81791DDDB003DF414 /* CardInfo.m in Sources */,
				776FDC061792FA2A0068E528 /* SingletonGeneric.m in Sources */,
				776FDC091793018B0068E528 /* Transactions.m in Sources */,
				776FDC0C179329750068E528 /* MyCardAccount.m in Sources */,
				776FDC0F17932A0B0068E528 /* UpdateProfile.m in Sources */,
				776FDC1217932A1F0068E528 /* PinManagement.m in Sources */,
				776FDC1D17933FB30068E528 /* ContactUs.m in Sources */,
				776FDC22179342140068E528 /* Terms.m in Sources */,
				776FDC27179342240068E528 /* Faq.m in Sources */,
				77A2A34117A55074001986D0 /* VCHome.m in Sources */,
				77ABC21317A79383009A7146 /* RTNetworkRequest.m in Sources */,
				7730CC9417AD4D6400C35DD5 /* Logout.m in Sources */,
				77F90CC917B00B8400A1E07E /* OBGradientView.m in Sources */,
				77F90CCD17B00BC800A1E07E /* GradientButton.m in Sources */,
				77F90CD017B00BE700A1E07E /* UIColor+Hex.m in Sources */,
				77F90CD317B06B5300A1E07E /* AppHelper.m in Sources */,
				77F90CD617B06CE900A1E07E /* GTMBase64.m in Sources */,
				7751379717B2BF91007F2679 /* iCarousel.m in Sources */,
				77B946DA17B54FDB00A7EA88 /* SVProgressHUD.m in Sources */,
			);
			runOnlyForDeploymentPostprocessing = 0;
		};
/* End PBXSourcesBuildPhase section */

/* Begin PBXVariantGroup section */
		77004B99176239F300745E2B /* InfoPlist.strings */ = {
			isa = PBXVariantGroup;
			children = (
				77004B9A176239F300745E2B /* en */,
			);
			name = InfoPlist.strings;
			sourceTree = "<group>";
		};
		77004BA8176239F300745E2B /* MainStoryboard_iPhone.storyboard */ = {
			isa = PBXVariantGroup;
			children = (
				77004BA9176239F300745E2B /* en */,
			);
			name = MainStoryboard_iPhone.storyboard;
			sourceTree = "<group>";
		};
/* End PBXVariantGroup section */

/* Begin XCBuildConfiguration section */
		77004BB1176239F300745E2B /* Debug */ = {
			isa = XCBuildConfiguration;
			buildSettings = {
				ALWAYS_SEARCH_USER_PATHS = NO;
				CLANG_CXX_LANGUAGE_STANDARD = "gnu++0x";
				CLANG_CXX_LIBRARY = "libc++";
				CLANG_ENABLE_OBJC_ARC = YES;
				CLANG_WARN_CONSTANT_CONVERSION = YES;
				CLANG_WARN_EMPTY_BODY = YES;
				CLANG_WARN_ENUM_CONVERSION = YES;
				CLANG_WARN_INT_CONVERSION = YES;
				CLANG_WARN__DUPLICATE_METHOD_MATCH = YES;
				CODE_SIGN_IDENTITY = "iPhone Developer: Daniel Levin (T8GF8MD248)";
				"CODE_SIGN_IDENTITY[sdk=iphoneos*]" = "iPhone Developer: Daniel Levin (T8GF8MD248)";
				COPY_PHASE_STRIP = NO;
				GCC_C_LANGUAGE_STANDARD = gnu99;
				GCC_DYNAMIC_NO_PIC = NO;
				GCC_OPTIMIZATION_LEVEL = 0;
				GCC_PREPROCESSOR_DEFINITIONS = (
					"DEBUG=1",
					"$(inherited)",
				);
				GCC_SYMBOLS_PRIVATE_EXTERN = NO;
				GCC_WARN_ABOUT_RETURN_TYPE = YES;
				GCC_WARN_UNINITIALIZED_AUTOS = YES;
				GCC_WARN_UNUSED_VARIABLE = YES;
				IPHONEOS_DEPLOYMENT_TARGET = 6.1;
				ONLY_ACTIVE_ARCH = YES;
				PROVISIONING_PROFILE = "";
				"PROVISIONING_PROFILE[sdk=iphoneos*]" = "";
				SDKROOT = iphoneos;
				TARGETED_DEVICE_FAMILY = "1,2";
			};
			name = Debug;
		};
		77004BB2176239F300745E2B /* Release */ = {
			isa = XCBuildConfiguration;
			buildSettings = {
				ALWAYS_SEARCH_USER_PATHS = NO;
				CLANG_CXX_LANGUAGE_STANDARD = "gnu++0x";
				CLANG_CXX_LIBRARY = "libc++";
				CLANG_ENABLE_OBJC_ARC = YES;
				CLANG_WARN_CONSTANT_CONVERSION = YES;
				CLANG_WARN_EMPTY_BODY = YES;
				CLANG_WARN_ENUM_CONVERSION = YES;
				CLANG_WARN_INT_CONVERSION = YES;
				CLANG_WARN__DUPLICATE_METHOD_MATCH = YES;
				CODE_SIGN_IDENTITY = "iPhone Developer: Daniel Levin (T8GF8MD248)";
				"CODE_SIGN_IDENTITY[sdk=*]" = "iPhone Developer: Daniel Levin (T8GF8MD248)";
				"CODE_SIGN_IDENTITY[sdk=iphoneos*]" = "iPhone Developer: Daniel Levin (T8GF8MD248)";
				COPY_PHASE_STRIP = YES;
				GCC_C_LANGUAGE_STANDARD = gnu99;
				GCC_WARN_ABOUT_RETURN_TYPE = YES;
				GCC_WARN_UNINITIALIZED_AUTOS = YES;
				GCC_WARN_UNUSED_VARIABLE = YES;
				IPHONEOS_DEPLOYMENT_TARGET = 6.1;
				OTHER_CFLAGS = "-DNS_BLOCK_ASSERTIONS=1";
				PROVISIONING_PROFILE = "";
				"PROVISIONING_PROFILE[sdk=*]" = "";
				"PROVISIONING_PROFILE[sdk=iphoneos*]" = "";
				SDKROOT = iphoneos;
				TARGETED_DEVICE_FAMILY = "1,2";
				VALIDATE_PRODUCT = YES;
			};
			name = Release;
		};
		77004BB4176239F300745E2B /* Debug */ = {
			isa = XCBuildConfiguration;
			buildSettings = {
				CODE_SIGN_IDENTITY = "iPhone Developer";
				"CODE_SIGN_IDENTITY[sdk=iphoneos*]" = "iPhone Developer";
				GCC_PRECOMPILE_PREFIX_HEADER = YES;
				GCC_PREFIX_HEADER = "com.PrepaidAccountCenter/com.PrepaidAccountCenter-Prefix.pch";
				INFOPLIST_FILE = "com.PrepaidAccountCenter/com.PrepaidAccountCenter-Info.plist";
				PRODUCT_NAME = "$(TARGET_NAME)";
				PROVISIONING_PROFILE = "";
				"PROVISIONING_PROFILE[sdk=iphoneos*]" = "";
				WRAPPER_EXTENSION = app;
			};
			name = Debug;
		};
		77004BB5176239F300745E2B /* Release */ = {
			isa = XCBuildConfiguration;
			buildSettings = {
				CODE_SIGN_IDENTITY = "iPhone Distribution";
				"CODE_SIGN_IDENTITY[sdk=iphoneos*]" = "iPhone Distribution";
				GCC_PRECOMPILE_PREFIX_HEADER = YES;
				GCC_PREFIX_HEADER = "com.PrepaidAccountCenter/com.PrepaidAccountCenter-Prefix.pch";
				INFOPLIST_FILE = "com.PrepaidAccountCenter/com.PrepaidAccountCenter-Info.plist";
				PRODUCT_NAME = "$(TARGET_NAME)";
				PROVISIONING_PROFILE = "";
				"PROVISIONING_PROFILE[sdk=iphoneos*]" = "";
				WRAPPER_EXTENSION = app;
			};
			name = Release;
		};
/* End XCBuildConfiguration section */

/* Begin XCConfigurationList section */
		77004B88176239F300745E2B /* Build configuration list for PBXProject "com.PrepaidAccountCenter" */ = {
			isa = XCConfigurationList;
			buildConfigurations = (
				77004BB1176239F300745E2B /* Debug */,
				77004BB2176239F300745E2B /* Release */,
			);
			defaultConfigurationIsVisible = 0;
			defaultConfigurationName = Release;
		};
		77004BB3176239F300745E2B /* Build configuration list for PBXNativeTarget "com.PrepaidAccountCenter" */ = {
			isa = XCConfigurationList;
			buildConfigurations = (
				77004BB4176239F300745E2B /* Debug */,
				77004BB5176239F300745E2B /* Release */,
			);
			defaultConfigurationIsVisible = 0;
			defaultConfigurationName = Release;
		};
/* End XCConfigurationList section */
	};
	rootObject = 77004B85176239F300745E2B /* Project object */;
}
